
Microsoft Visual Studio Solution File, Format Version 12.00
# Visual Studio Version 17
VisualStudioVersion = 17.7.34024.191
MinimumVisualStudioVersion = 10.0.40219.1
Project("{FAE04EC0-301F-11D3-BF4B-00C04F79EFBC}") = "Project_web", "Project_web\Project_web.csproj", "{1BF4C5C9-8CBE-45D5-8457-4E0BEF79F7D8}"
EndProject
Global
	GlobalSection(SolutionConfigurationPlatforms) = preSolution
		Debug|Any CPU = Debug|Any CPU
		Release|Any CPU = Release|Any CPU
	EndGlobalSection
	GlobalSection(ProjectConfigurationPlatforms) = postSolution
		{1BF4C5C9-8CBE-45D5-8457-4E0BEF79F7D8}.Debug|Any CPU.ActiveCfg = Debug|Any CPU
		{1BF4C5C9-8CBE-45D5-8457-4E0BEF79F7D8}.Debug|Any CPU.Build.0 = Debug|Any CPU
		{1BF4C5C9-8CBE-45D5-8457-4E0BEF79F7D8}.Release|Any CPU.ActiveCfg = Release|Any CPU
		{1BF4C5C9-8CBE-45D5-8457-4E0BEF79F7D8}.Release|Any CPU.Build.0 = Release|Any CPU
	EndGlobalSection
	GlobalSection(SolutionProperties) = preSolution
		HideSolutionNode = FALSE
	EndGlobalSection
	GlobalSection(ExtensibilityGlobals) = postSolution
		SolutionGuid = {128D9171-ABE8-4DB0-B46F-C799BBCA56C7}
	EndGlobalSection
EndGlobal
